// !$*UTF8*$!
{
	archiveVersion = 1;
	classes = {
	};
	objectVersion = 51;
	objects = {

/* Begin PBXBuildFile section */
		33225E3CA3093FB6C21538A8 /* Pods_ActionSampleTests.framework in Frameworks */ = {isa = PBXBuildFile; fileRef = 3210FF8FE2701C57D49E055B /* Pods_ActionSampleTests.framework */; };
		685D01452529847800C03491 /* AppDelegate.swift in Sources */ = {isa = PBXBuildFile; fileRef = 685D01442529847800C03491 /* AppDelegate.swift */; };
		685D01472529847800C03491 /* SceneDelegate.swift in Sources */ = {isa = PBXBuildFile; fileRef = 685D01462529847800C03491 /* SceneDelegate.swift */; };
		685D01492529847800C03491 /* ViewController.swift in Sources */ = {isa = PBXBuildFile; fileRef = 685D01482529847800C03491 /* ViewController.swift */; };
		685D014C2529847800C03491 /* Main.storyboard in Resources */ = {isa = PBXBuildFile; fileRef = 685D014A2529847800C03491 /* Main.storyboard */; };
		685D014E2529847900C03491 /* Assets.xcassets in Resources */ = {isa = PBXBuildFile; fileRef = 685D014D2529847900C03491 /* Assets.xcassets */; };
		685D01512529847900C03491 /* LaunchScreen.storyboard in Resources */ = {isa = PBXBuildFile; fileRef = 685D014F2529847900C03491 /* LaunchScreen.storyboard */; };
		685D015C2529847900C03491 /* ActionSampleTests.swift in Sources */ = {isa = PBXBuildFile; fileRef = 685D015B2529847900C03491 /* ActionSampleTests.swift */; };
		685D01672529847900C03491 /* ActionSampleUITests.swift in Sources */ = {isa = PBXBuildFile; fileRef = 685D01662529847900C03491 /* ActionSampleUITests.swift */; };
		9F4B76E5CE3853DE1FC3ADC0 /* Pods_ActionSample_ActionSampleUITests.framework in Frameworks */ = {isa = PBXBuildFile; fileRef = 16776C0A6B221C929C9C8CE8 /* Pods_ActionSample_ActionSampleUITests.framework */; };
		D5AC3F2B3148D80A13EB2285 /* Pods_ActionSample.framework in Frameworks */ = {isa = PBXBuildFile; fileRef = F343AEE3EA42DEE1E4EAF4F7 /* Pods_ActionSample.framework */; };
/* End PBXBuildFile section */

/* Begin PBXContainerItemProxy section */
		685D01582529847900C03491 /* PBXContainerItemProxy */ = {
			isa = PBXContainerItemProxy;
			containerPortal = 685D01392529847800C03491 /* Project object */;
			proxyType = 1;
			remoteGlobalIDString = 685D01402529847800C03491;
			remoteInfo = ActionSample;
		};
		685D01632529847900C03491 /* PBXContainerItemProxy */ = {
			isa = PBXContainerItemProxy;
			containerPortal = 685D01392529847800C03491 /* Project object */;
			proxyType = 1;
			remoteGlobalIDString = 685D01402529847800C03491;
			remoteInfo = ActionSample;
		};
/* End PBXContainerItemProxy section */

/* Begin PBXFileReference section */
		07B84FBC9B8DC06ADD71469C /* Pods-ActionSample.release.xcconfig */ = {isa = PBXFileReference; includeInIndex = 1; lastKnownFileType = text.xcconfig; name = "Pods-ActionSample.release.xcconfig"; path = "Target Support Files/Pods-ActionSample/Pods-ActionSample.release.xcconfig"; sourceTree = "<group>"; };
		16776C0A6B221C929C9C8CE8 /* Pods_ActionSample_ActionSampleUITests.framework */ = {isa = PBXFileReference; explicitFileType = wrapper.framework; includeInIndex = 0; path = Pods_ActionSample_ActionSampleUITests.framework; sourceTree = BUILT_PRODUCTS_DIR; };
		1B87B6A76BF211710A8354E1 /* Pods-ActionSample-ActionSampleUITests.release.xcconfig */ = {isa = PBXFileReference; includeInIndex = 1; lastKnownFileType = text.xcconfig; name = "Pods-ActionSample-ActionSampleUITests.release.xcconfig"; path = "Target Support Files/Pods-ActionSample-ActionSampleUITests/Pods-ActionSample-ActionSampleUITests.release.xcconfig"; sourceTree = "<group>"; };
		3210FF8FE2701C57D49E055B /* Pods_ActionSampleTests.framework */ = {isa = PBXFileReference; explicitFileType = wrapper.framework; includeInIndex = 0; path = Pods_ActionSampleTests.framework; sourceTree = BUILT_PRODUCTS_DIR; };
		48B6B186874BAF307500A882 /* Pods-ActionSampleTests.debug.xcconfig */ = {isa = PBXFileReference; includeInIndex = 1; lastKnownFileType = text.xcconfig; name = "Pods-ActionSampleTests.debug.xcconfig"; path = "Target Support Files/Pods-ActionSampleTests/Pods-ActionSampleTests.debug.xcconfig"; sourceTree = "<group>"; };
		685D01412529847800C03491 /* ActionSample.app */ = {isa = PBXFileReference; explicitFileType = wrapper.application; includeInIndex = 0; path = ActionSample.app; sourceTree = BUILT_PRODUCTS_DIR; };
		685D01442529847800C03491 /* AppDelegate.swift */ = {isa = PBXFileReference; lastKnownFileType = sourcecode.swift; path = AppDelegate.swift; sourceTree = "<group>"; };
		685D01462529847800C03491 /* SceneDelegate.swift */ = {isa = PBXFileReference; lastKnownFileType = sourcecode.swift; path = SceneDelegate.swift; sourceTree = "<group>"; };
		685D01482529847800C03491 /* ViewController.swift */ = {isa = PBXFileReference; lastKnownFileType = sourcecode.swift; path = ViewController.swift; sourceTree = "<group>"; };
		685D014B2529847800C03491 /* Base */ = {isa = PBXFileReference; lastKnownFileType = file.storyboard; name = Base; path = Base.lproj/Main.storyboard; sourceTree = "<group>"; };
		685D014D2529847900C03491 /* Assets.xcassets */ = {isa = PBXFileReference; lastKnownFileType = folder.assetcatalog; path = Assets.xcassets; sourceTree = "<group>"; };
		685D01502529847900C03491 /* Base */ = {isa = PBXFileReference; lastKnownFileType = file.storyboard; name = Base; path = Base.lproj/LaunchScreen.storyboard; sourceTree = "<group>"; };
		685D01522529847900C03491 /* Info.plist */ = {isa = PBXFileReference; lastKnownFileType = text.plist.xml; path = Info.plist; sourceTree = "<group>"; };
		685D01572529847900C03491 /* ActionSampleTests.xctest */ = {isa = PBXFileReference; explicitFileType = wrapper.cfbundle; includeInIndex = 0; path = ActionSampleTests.xctest; sourceTree = BUILT_PRODUCTS_DIR; };
		685D015B2529847900C03491 /* ActionSampleTests.swift */ = {isa = PBXFileReference; lastKnownFileType = sourcecode.swift; path = ActionSampleTests.swift; sourceTree = "<group>"; };
		685D015D2529847900C03491 /* Info.plist */ = {isa = PBXFileReference; lastKnownFileType = text.plist.xml; path = Info.plist; sourceTree = "<group>"; };
		685D01622529847900C03491 /* ActionSampleUITests.xctest */ = {isa = PBXFileReference; explicitFileType = wrapper.cfbundle; includeInIndex = 0; path = ActionSampleUITests.xctest; sourceTree = BUILT_PRODUCTS_DIR; };
		685D01662529847900C03491 /* ActionSampleUITests.swift */ = {isa = PBXFileReference; lastKnownFileType = sourcecode.swift; path = ActionSampleUITests.swift; sourceTree = "<group>"; };
		685D01682529847900C03491 /* Info.plist */ = {isa = PBXFileReference; lastKnownFileType = text.plist.xml; path = Info.plist; sourceTree = "<group>"; };
		6DDC443A0D59CF252197E908 /* Pods-ActionSample.debug.xcconfig */ = {isa = PBXFileReference; includeInIndex = 1; lastKnownFileType = text.xcconfig; name = "Pods-ActionSample.debug.xcconfig"; path = "Target Support Files/Pods-ActionSample/Pods-ActionSample.debug.xcconfig"; sourceTree = "<group>"; };
		8BAABD7C4FC0126210F2FC96 /* Pods-ActionSampleTests.release.xcconfig */ = {isa = PBXFileReference; includeInIndex = 1; lastKnownFileType = text.xcconfig; name = "Pods-ActionSampleTests.release.xcconfig"; path = "Target Support Files/Pods-ActionSampleTests/Pods-ActionSampleTests.release.xcconfig"; sourceTree = "<group>"; };
		CBC78E95A6181F8021D0AA2A /* Pods-ActionSample-ActionSampleUITests.debug.xcconfig */ = {isa = PBXFileReference; includeInIndex = 1; lastKnownFileType = text.xcconfig; name = "Pods-ActionSample-ActionSampleUITests.debug.xcconfig"; path = "Target Support Files/Pods-ActionSample-ActionSampleUITests/Pods-ActionSample-ActionSampleUITests.debug.xcconfig"; sourceTree = "<group>"; };
		F343AEE3EA42DEE1E4EAF4F7 /* Pods_ActionSample.framework */ = {isa = PBXFileReference; explicitFileType = wrapper.framework; includeInIndex = 0; path = Pods_ActionSample.framework; sourceTree = BUILT_PRODUCTS_DIR; };
/* End PBXFileReference section */

/* Begin PBXFrameworksBuildPhase section */
		685D013E2529847800C03491 /* Frameworks */ = {
			isa = PBXFrameworksBuildPhase;
			buildActionMask = 2147483647;
			files = (
				D5AC3F2B3148D80A13EB2285 /* Pods_ActionSample.framework in Frameworks */,
			);
			runOnlyForDeploymentPostprocessing = 0;
		};
		685D01542529847900C03491 /* Frameworks */ = {
			isa = PBXFrameworksBuildPhase;
			buildActionMask = 2147483647;
			files = (
				33225E3CA3093FB6C21538A8 /* Pods_ActionSampleTests.framework in Frameworks */,
			);
			runOnlyForDeploymentPostprocessing = 0;
		};
		685D015F2529847900C03491 /* Frameworks */ = {
			isa = PBXFrameworksBuildPhase;
			buildActionMask = 2147483647;
			files = (
				9F4B76E5CE3853DE1FC3ADC0 /* Pods_ActionSample_ActionSampleUITests.framework in Frameworks */,
			);
			runOnlyForDeploymentPostprocessing = 0;
		};
/* End PBXFrameworksBuildPhase section */

/* Begin PBXGroup section */
		30D87110EC6853CF85D3DE3D /* Frameworks */ = {
			isa = PBXGroup;
			children = (
				F343AEE3EA42DEE1E4EAF4F7 /* Pods_ActionSample.framework */,
				16776C0A6B221C929C9C8CE8 /* Pods_ActionSample_ActionSampleUITests.framework */,
				3210FF8FE2701C57D49E055B /* Pods_ActionSampleTests.framework */,
			);
			name = Frameworks;
			sourceTree = "<group>";
		};
		685D01382529847800C03491 = {
			isa = PBXGroup;
			children = (
				685D01432529847800C03491 /* ActionSample */,
				685D015A2529847900C03491 /* ActionSampleTests */,
				685D01652529847900C03491 /* ActionSampleUITests */,
				685D01422529847800C03491 /* Products */,
				6C52C7A85C9E8CB39E27EC55 /* Pods */,
				30D87110EC6853CF85D3DE3D /* Frameworks */,
			);
			sourceTree = "<group>";
		};
		685D01422529847800C03491 /* Products */ = {
			isa = PBXGroup;
			children = (
				685D01412529847800C03491 /* ActionSample.app */,
				685D01572529847900C03491 /* ActionSampleTests.xctest */,
				685D01622529847900C03491 /* ActionSampleUITests.xctest */,
			);
			name = Products;
			sourceTree = "<group>";
		};
		685D01432529847800C03491 /* ActionSample */ = {
			isa = PBXGroup;
			children = (
				685D01442529847800C03491 /* AppDelegate.swift */,
				685D01462529847800C03491 /* SceneDelegate.swift */,
				685D01482529847800C03491 /* ViewController.swift */,
				685D014A2529847800C03491 /* Main.storyboard */,
				685D014D2529847900C03491 /* Assets.xcassets */,
				685D014F2529847900C03491 /* LaunchScreen.storyboard */,
				685D01522529847900C03491 /* Info.plist */,
			);
			path = ActionSample;
			sourceTree = "<group>";
		};
		685D015A2529847900C03491 /* ActionSampleTests */ = {
			isa = PBXGroup;
			children = (
				685D015B2529847900C03491 /* ActionSampleTests.swift */,
				685D015D2529847900C03491 /* Info.plist */,
			);
			path = ActionSampleTests;
			sourceTree = "<group>";
		};
		685D01652529847900C03491 /* ActionSampleUITests */ = {
			isa = PBXGroup;
			children = (
				685D01662529847900C03491 /* ActionSampleUITests.swift */,
				685D01682529847900C03491 /* Info.plist */,
			);
			path = ActionSampleUITests;
			sourceTree = "<group>";
		};
		6C52C7A85C9E8CB39E27EC55 /* Pods */ = {
			isa = PBXGroup;
			children = (
				6DDC443A0D59CF252197E908 /* Pods-ActionSample.debug.xcconfig */,
				07B84FBC9B8DC06ADD71469C /* Pods-ActionSample.release.xcconfig */,
				CBC78E95A6181F8021D0AA2A /* Pods-ActionSample-ActionSampleUITests.debug.xcconfig */,
				1B87B6A76BF211710A8354E1 /* Pods-ActionSample-ActionSampleUITests.release.xcconfig */,
				48B6B186874BAF307500A882 /* Pods-ActionSampleTests.debug.xcconfig */,
				8BAABD7C4FC0126210F2FC96 /* Pods-ActionSampleTests.release.xcconfig */,
			);
			path = Pods;
			sourceTree = "<group>";
		};
/* End PBXGroup section */

/* Begin PBXNativeTarget section */
		685D01402529847800C03491 /* ActionSample */ = {
			isa = PBXNativeTarget;
			buildConfigurationList = 685D016B2529847900C03491 /* Build configuration list for PBXNativeTarget "ActionSample" */;
			buildPhases = (
				E99A1308371002B29C41428B /* [CP] Check Pods Manifest.lock */,
				685D013D2529847800C03491 /* Sources */,
				685D013E2529847800C03491 /* Frameworks */,
				685D013F2529847800C03491 /* Resources */,
				D915719E1EAE6DB0B041A2AA /* [CP] Embed Pods Frameworks */,
			);
			buildRules = (
			);
			dependencies = (
			);
			name = ActionSample;
			productName = ActionSample;
			productReference = 685D01412529847800C03491 /* ActionSample.app */;
			productType = "com.apple.product-type.application";
		};
		685D01562529847900C03491 /* ActionSampleTests */ = {
			isa = PBXNativeTarget;
			buildConfigurationList = 685D016E2529847900C03491 /* Build configuration list for PBXNativeTarget "ActionSampleTests" */;
			buildPhases = (
				3807C4834A09C58FD3A474D7 /* [CP] Check Pods Manifest.lock */,
				685D01532529847900C03491 /* Sources */,
				685D01542529847900C03491 /* Frameworks */,
				685D01552529847900C03491 /* Resources */,
			);
			buildRules = (
			);
			dependencies = (
				685D01592529847900C03491 /* PBXTargetDependency */,
			);
			name = ActionSampleTests;
			productName = ActionSampleTests;
			productReference = 685D01572529847900C03491 /* ActionSampleTests.xctest */;
			productType = "com.apple.product-type.bundle.unit-test";
		};
		685D01612529847900C03491 /* ActionSampleUITests */ = {
			isa = PBXNativeTarget;
			buildConfigurationList = 685D01712529847900C03491 /* Build configuration list for PBXNativeTarget "ActionSampleUITests" */;
			buildPhases = (
				9EFFD30D0AD5765739A8132E /* [CP] Check Pods Manifest.lock */,
				685D015E2529847900C03491 /* Sources */,
				685D015F2529847900C03491 /* Frameworks */,
				685D01602529847900C03491 /* Resources */,
				609EC243F26BCA02781DFB5A /* [CP] Embed Pods Frameworks */,
			);
			buildRules = (
			);
			dependencies = (
				685D01642529847900C03491 /* PBXTargetDependency */,
			);
			name = ActionSampleUITests;
			productName = ActionSampleUITests;
			productReference = 685D01622529847900C03491 /* ActionSampleUITests.xctest */;
			productType = "com.apple.product-type.bundle.ui-testing";
		};
/* End PBXNativeTarget section */

/* Begin PBXProject section */
		685D01392529847800C03491 /* Project object */ = {
			isa = PBXProject;
			attributes = {
				LastSwiftUpdateCheck = 1200;
				LastUpgradeCheck = 1200;
				TargetAttributes = {
					685D01402529847800C03491 = {
						CreatedOnToolsVersion = 12.0;
					};
					685D01562529847900C03491 = {
						CreatedOnToolsVersion = 12.0;
						TestTargetID = 685D01402529847800C03491;
					};
					685D01612529847900C03491 = {
						CreatedOnToolsVersion = 12.0;
						TestTargetID = 685D01402529847800C03491;
					};
				};
			};
			buildConfigurationList = 685D013C2529847800C03491 /* Build configuration list for PBXProject "ActionSample" */;
			compatibilityVersion = "Xcode 9.3";
			developmentRegion = en;
			hasScannedForEncodings = 0;
			knownRegions = (
				en,
				Base,
			);
			mainGroup = 685D01382529847800C03491;
			productRefGroup = 685D01422529847800C03491 /* Products */;
			projectDirPath = "";
			projectRoot = "";
			targets = (
				685D01402529847800C03491 /* ActionSample */,
				685D01562529847900C03491 /* ActionSampleTests */,
				685D01612529847900C03491 /* ActionSampleUITests */,
			);
		};
/* End PBXProject section */

/* Begin PBXResourcesBuildPhase section */
		685D013F2529847800C03491 /* Resources */ = {
			isa = PBXResourcesBuildPhase;
			buildActionMask = 2147483647;
			files = (
				685D01512529847900C03491 /* LaunchScreen.storyboard in Resources */,
				685D014E2529847900C03491 /* Assets.xcassets in Resources */,
				685D014C2529847800C03491 /* Main.storyboard in Resources */,
			);
			runOnlyForDeploymentPostprocessing = 0;
		};
		685D01552529847900C03491 /* Resources */ = {
			isa = PBXResourcesBuildPhase;
			buildActionMask = 2147483647;
			files = (
			);
			runOnlyForDeploymentPostprocessing = 0;
		};
		685D01602529847900C03491 /* Resources */ = {
			isa = PBXResourcesBuildPhase;
			buildActionMask = 2147483647;
			files = (
			);
			runOnlyForDeploymentPostprocessing = 0;
		};
/* End PBXResourcesBuildPhase section */

/* Begin PBXShellScriptBuildPhase section */
		3807C4834A09C58FD3A474D7 /* [CP] Check Pods Manifest.lock */ = {
			isa = PBXShellScriptBuildPhase;
			buildActionMask = 2147483647;
			files = (
			);
			inputFileListPaths = (
			);
			inputPaths = (
				"${PODS_PODFILE_DIR_PATH}/Podfile.lock",
				"${PODS_ROOT}/Manifest.lock",
			);
			name = "[CP] Check Pods Manifest.lock";
			outputFileListPaths = (
			);
			outputPaths = (
				"$(DERIVED_FILE_DIR)/Pods-ActionSampleTests-checkManifestLockResult.txt",
			);
			runOnlyForDeploymentPostprocessing = 0;
			shellPath = /bin/sh;
			shellScript = "diff \"${PODS_PODFILE_DIR_PATH}/Podfile.lock\" \"${PODS_ROOT}/Manifest.lock\" > /dev/null\nif [ $? != 0 ] ; then\n    # print error to STDERR\n    echo \"error: The sandbox is not in sync with the Podfile.lock. Run 'pod install' or update your CocoaPods installation.\" >&2\n    exit 1\nfi\n# This output is used by Xcode 'outputs' to avoid re-running this script phase.\necho \"SUCCESS\" > \"${SCRIPT_OUTPUT_FILE_0}\"\n";
			showEnvVarsInLog = 0;
		};
		609EC243F26BCA02781DFB5A /* [CP] Embed Pods Frameworks */ = {
			isa = PBXShellScriptBuildPhase;
			buildActionMask = 2147483647;
			files = (
			);
			inputFileListPaths = (
				"${PODS_ROOT}/Target Support Files/Pods-ActionSample-ActionSampleUITests/Pods-ActionSample-ActionSampleUITests-frameworks-${CONFIGURATION}-input-files.xcfilelist",
			);
			name = "[CP] Embed Pods Frameworks";
			outputFileListPaths = (
				"${PODS_ROOT}/Target Support Files/Pods-ActionSample-ActionSampleUITests/Pods-ActionSample-ActionSampleUITests-frameworks-${CONFIGURATION}-output-files.xcfilelist",
			);
			runOnlyForDeploymentPostprocessing = 0;
			shellPath = /bin/sh;
			shellScript = "\"${PODS_ROOT}/Target Support Files/Pods-ActionSample-ActionSampleUITests/Pods-ActionSample-ActionSampleUITests-frameworks.sh\"\n";
			showEnvVarsInLog = 0;
		};
		9EFFD30D0AD5765739A8132E /* [CP] Check Pods Manifest.lock */ = {
			isa = PBXShellScriptBuildPhase;
			buildActionMask = 2147483647;
			files = (
			);
			inputFileListPaths = (
			);
			inputPaths = (
				"${PODS_PODFILE_DIR_PATH}/Podfile.lock",
				"${PODS_ROOT}/Manifest.lock",
			);
			name = "[CP] Check Pods Manifest.lock";
			outputFileListPaths = (
			);
			outputPaths = (
				"$(DERIVED_FILE_DIR)/Pods-ActionSample-ActionSampleUITests-checkManifestLockResult.txt",
			);
			runOnlyForDeploymentPostprocessing = 0;
			shellPath = /bin/sh;
			shellScript = "diff \"${PODS_PODFILE_DIR_PATH}/Podfile.lock\" \"${PODS_ROOT}/Manifest.lock\" > /dev/null\nif [ $? != 0 ] ; then\n    # print error to STDERR\n    echo \"error: The sandbox is not in sync with the Podfile.lock. Run 'pod install' or update your CocoaPods installation.\" >&2\n    exit 1\nfi\n# This output is used by Xcode 'outputs' to avoid re-running this script phase.\necho \"SUCCESS\" > \"${SCRIPT_OUTPUT_FILE_0}\"\n";
			showEnvVarsInLog = 0;
		};
		D915719E1EAE6DB0B041A2AA /* [CP] Embed Pods Frameworks */ = {
			isa = PBXShellScriptBuildPhase;
			buildActionMask = 2147483647;
			files = (
			);
			inputFileListPaths = (
				"${PODS_ROOT}/Target Support Files/Pods-ActionSample/Pods-ActionSample-frameworks-${CONFIGURATION}-input-files.xcfilelist",
			);
			name = "[CP] Embed Pods Frameworks";
			outputFileListPaths = (
				"${PODS_ROOT}/Target Support Files/Pods-ActionSample/Pods-ActionSample-frameworks-${CONFIGURATION}-output-files.xcfilelist",
			);
			runOnlyForDeploymentPostprocessing = 0;
			shellPath = /bin/sh;
			shellScript = "\"${PODS_ROOT}/Target Support Files/Pods-ActionSample/Pods-ActionSample-frameworks.sh\"\n";
			showEnvVarsInLog = 0;
		};
		E99A1308371002B29C41428B /* [CP] Check Pods Manifest.lock */ = {
			isa = PBXShellScriptBuildPhase;
			buildActionMask = 2147483647;
			files = (
			);
			inputFileListPaths = (
			);
			inputPaths = (
				"${PODS_PODFILE_DIR_PATH}/Podfile.lock",
				"${PODS_ROOT}/Manifest.lock",
			);
			name = "[CP] Check Pods Manifest.lock";
			outputFileListPaths = (
			);
			outputPaths = (
				"$(DERIVED_FILE_DIR)/Pods-ActionSample-checkManifestLockResult.txt",
			);
			runOnlyForDeploymentPostprocessing = 0;
			shellPath = /bin/sh;
			shellScript = "diff \"${PODS_PODFILE_DIR_PATH}/Podfile.lock\" \"${PODS_ROOT}/Manifest.lock\" > /dev/null\nif [ $? != 0 ] ; then\n    # print error to STDERR\n    echo \"error: The sandbox is not in sync with the Podfile.lock. Run 'pod install' or update your CocoaPods installation.\" >&2\n    exit 1\nfi\n# This output is used by Xcode 'outputs' to avoid re-running this script phase.\necho \"SUCCESS\" > \"${SCRIPT_OUTPUT_FILE_0}\"\n";
			showEnvVarsInLog = 0;
		};
/* End PBXShellScriptBuildPhase section */

/* Begin PBXSourcesBuildPhase section */
		685D013D2529847800C03491 /* Sources */ = {
			isa = PBXSourcesBuildPhase;
			buildActionMask = 2147483647;
			files = (
				685D01492529847800C03491 /* ViewController.swift in Sources */,
				685D01452529847800C03491 /* AppDelegate.swift in Sources */,
				685D01472529847800C03491 /* SceneDelegate.swift in Sources */,
			);
			runOnlyForDeploymentPostprocessing = 0;
		};
		685D01532529847900C03491 /* Sources */ = {
			isa = PBXSourcesBuildPhase;
			buildActionMask = 2147483647;
			files = (
				685D015C2529847900C03491 /* ActionSampleTests.swift in Sources */,
			);
			runOnlyForDeploymentPostprocessing = 0;
		};
		685D015E2529847900C03491 /* Sources */ = {
			isa = PBXSourcesBuildPhase;
			buildActionMask = 2147483647;
			files = (
				685D01672529847900C03491 /* ActionSampleUITests.swift in Sources */,
			);
			runOnlyForDeploymentPostprocessing = 0;
		};
/* End PBXSourcesBuildPhase section */

/* Begin PBXTargetDependency section */
		685D01592529847900C03491 /* PBXTargetDependency */ = {
			isa = PBXTargetDependency;
			target = 685D01402529847800C03491 /* ActionSample */;
			targetProxy = 685D01582529847900C03491 /* PBXContainerItemProxy */;
		};
		685D01642529847900C03491 /* PBXTargetDependency */ = {
			isa = PBXTargetDependency;
			target = 685D01402529847800C03491 /* ActionSample */;
			targetProxy = 685D01632529847900C03491 /* PBXContainerItemProxy */;
		};
/* End PBXTargetDependency section */

/* Begin PBXVariantGroup section */
		685D014A2529847800C03491 /* Main.storyboard */ = {
			isa = PBXVariantGroup;
			children = (
				685D014B2529847800C03491 /* Base */,
			);
			name = Main.storyboard;
			sourceTree = "<group>";
		};
		685D014F2529847900C03491 /* LaunchScreen.storyboard */ = {
			isa = PBXVariantGroup;
			children = (
				685D01502529847900C03491 /* Base */,
			);
			name = LaunchScreen.storyboard;
			sourceTree = "<group>";
		};
/* End PBXVariantGroup section */

/* Begin XCBuildConfiguration section */
		685D01692529847900C03491 /* Debug */ = {
			isa = XCBuildConfiguration;
			buildSettings = {
				ALWAYS_SEARCH_USER_PATHS = NO;
				CLANG_ANALYZER_NONNULL = YES;
				CLANG_ANALYZER_NUMBER_OBJECT_CONVERSION = YES_AGGRESSIVE;
				CLANG_CXX_LANGUAGE_STANDARD = "gnu++14";
				CLANG_CXX_LIBRARY = "libc++";
				CLANG_ENABLE_MODULES = YES;
				CLANG_ENABLE_OBJC_ARC = YES;
				CLANG_ENABLE_OBJC_WEAK = YES;
				CLANG_WARN_BLOCK_CAPTURE_AUTORELEASING = YES;
				CLANG_WARN_BOOL_CONVERSION = YES;
				CLANG_WARN_COMMA = YES;
				CLANG_WARN_CONSTANT_CONVERSION = YES;
				CLANG_WARN_DEPRECATED_OBJC_IMPLEMENTATIONS = YES;
				CLANG_WARN_DIRECT_OBJC_ISA_USAGE = YES_ERROR;
				CLANG_WARN_DOCUMENTATION_COMMENTS = YES;
				CLANG_WARN_EMPTY_BODY = YES;
				CLANG_WARN_ENUM_CONVERSION = YES;
				CLANG_WARN_INFINITE_RECURSION = YES;
				CLANG_WARN_INT_CONVERSION = YES;
				CLANG_WARN_NON_LITERAL_NULL_CONVERSION = YES;
				CLANG_WARN_OBJC_IMPLICIT_RETAIN_SELF = YES;
				CLANG_WARN_OBJC_LITERAL_CONVERSION = YES;
				CLANG_WARN_OBJC_ROOT_CLASS = YES_ERROR;
				CLANG_WARN_QUOTED_INCLUDE_IN_FRAMEWORK_HEADER = YES;
				CLANG_WARN_RANGE_LOOP_ANALYSIS = YES;
				CLANG_WARN_STRICT_PROTOTYPES = YES;
				CLANG_WARN_SUSPICIOUS_MOVE = YES;
				CLANG_WARN_UNGUARDED_AVAILABILITY = YES_AGGRESSIVE;
				CLANG_WARN_UNREACHABLE_CODE = YES;
				CLANG_WARN__DUPLICATE_METHOD_MATCH = YES;
				COPY_PHASE_STRIP = NO;
				DEBUG_INFORMATION_FORMAT = dwarf;
				ENABLE_STRICT_OBJC_MSGSEND = YES;
				ENABLE_TESTABILITY = YES;
				GCC_C_LANGUAGE_STANDARD = gnu11;
				GCC_DYNAMIC_NO_PIC = NO;
				GCC_NO_COMMON_BLOCKS = YES;
				GCC_OPTIMIZATION_LEVEL = 0;
				GCC_PREPROCESSOR_DEFINITIONS = (
					"DEBUG=1",
					"$(inherited)",
				);
				GCC_WARN_64_TO_32_BIT_CONVERSION = YES;
				GCC_WARN_ABOUT_RETURN_TYPE = YES_ERROR;
				GCC_WARN_UNDECLARED_SELECTOR = YES;
				GCC_WARN_UNINITIALIZED_AUTOS = YES_AGGRESSIVE;
				GCC_WARN_UNUSED_FUNCTION = YES;
				GCC_WARN_UNUSED_VARIABLE = YES;
				IPHONEOS_DEPLOYMENT_TARGET = 14.0;
				MTL_ENABLE_DEBUG_INFO = INCLUDE_SOURCE;
				MTL_FAST_MATH = YES;
				ONLY_ACTIVE_ARCH = YES;
				SDKROOT = iphoneos;
				SWIFT_ACTIVE_COMPILATION_CONDITIONS = DEBUG;
				SWIFT_OPTIMIZATION_LEVEL = "-Onone";
			};
			name = Debug;
		};
		685D016A2529847900C03491 /* Release */ = {
			isa = XCBuildConfiguration;
			buildSettings = {
				ALWAYS_SEARCH_USER_PATHS = NO;
				CLANG_ANALYZER_NONNULL = YES;
				CLANG_ANALYZER_NUMBER_OBJECT_CONVERSION = YES_AGGRESSIVE;
				CLANG_CXX_LANGUAGE_STANDARD = "gnu++14";
				CLANG_CXX_LIBRARY = "libc++";
				CLANG_ENABLE_MODULES = YES;
				CLANG_ENABLE_OBJC_ARC = YES;
				CLANG_ENABLE_OBJC_WEAK = YES;
				CLANG_WARN_BLOCK_CAPTURE_AUTORELEASING = YES;
				CLANG_WARN_BOOL_CONVERSION = YES;
				CLANG_WARN_COMMA = YES;
				CLANG_WARN_CONSTANT_CONVERSION = YES;
				CLANG_WARN_DEPRECATED_OBJC_IMPLEMENTATIONS = YES;
				CLANG_WARN_DIRECT_OBJC_ISA_USAGE = YES_ERROR;
				CLANG_WARN_DOCUMENTATION_COMMENTS = YES;
				CLANG_WARN_EMPTY_BODY = YES;
				CLANG_WARN_ENUM_CONVERSION = YES;
				CLANG_WARN_INFINITE_RECURSION = YES;
				CLANG_WARN_INT_CONVERSION = YES;
				CLANG_WARN_NON_LITERAL_NULL_CONVERSION = YES;
				CLANG_WARN_OBJC_IMPLICIT_RETAIN_SELF = YES;
				CLANG_WARN_OBJC_LITERAL_CONVERSION = YES;
				CLANG_WARN_OBJC_ROOT_CLASS = YES_ERROR;
				CLANG_WARN_QUOTED_INCLUDE_IN_FRAMEWORK_HEADER = YES;
				CLANG_WARN_RANGE_LOOP_ANALYSIS = YES;
				CLANG_WARN_STRICT_PROTOTYPES = YES;
				CLANG_WARN_SUSPICIOUS_MOVE = YES;
				CLANG_WARN_UNGUARDED_AVAILABILITY = YES_AGGRESSIVE;
				CLANG_WARN_UNREACHABLE_CODE = YES;
				CLANG_WARN__DUPLICATE_METHOD_MATCH = YES;
				COPY_PHASE_STRIP = NO;
				DEBUG_INFORMATION_FORMAT = "dwarf-with-dsym";
				ENABLE_NS_ASSERTIONS = NO;
				ENABLE_STRICT_OBJC_MSGSEND = YES;
				GCC_C_LANGUAGE_STANDARD = gnu11;
				GCC_NO_COMMON_BLOCKS = YES;
				GCC_WARN_64_TO_32_BIT_CONVERSION = YES;
				GCC_WARN_ABOUT_RETURN_TYPE = YES_ERROR;
				GCC_WARN_UNDECLARED_SELECTOR = YES;
				GCC_WARN_UNINITIALIZED_AUTOS = YES_AGGRESSIVE;
				GCC_WARN_UNUSED_FUNCTION = YES;
				GCC_WARN_UNUSED_VARIABLE = YES;
				IPHONEOS_DEPLOYMENT_TARGET = 14.0;
				MTL_ENABLE_DEBUG_INFO = NO;
				MTL_FAST_MATH = YES;
				SDKROOT = iphoneos;
				SWIFT_COMPILATION_MODE = wholemodule;
				SWIFT_OPTIMIZATION_LEVEL = "-O";
				VALIDATE_PRODUCT = YES;
			};
			name = Release;
		};
		685D016C2529847900C03491 /* Debug */ = {
			isa = XCBuildConfiguration;
			baseConfigurationReference = 6DDC443A0D59CF252197E908 /* Pods-ActionSample.debug.xcconfig */;
			buildSettings = {
				ASSETCATALOG_COMPILER_APPICON_NAME = AppIcon;
				ASSETCATALOG_COMPILER_GLOBAL_ACCENT_COLOR_NAME = AccentColor;
				CODE_SIGN_IDENTITY = "iPhone Distribution";
				CODE_SIGN_STYLE = Manual;
				DEVELOPMENT_TEAM = YADN925M2H;
				INFOPLIST_FILE = ActionSample/Info.plist;
				LD_RUNPATH_SEARCH_PATHS = (
					"$(inherited)",
					"@executable_path/Frameworks",
				);
				PRODUCT_BUNDLE_IDENTIFIER = br.com.cwi.ActionSample;
				PRODUCT_NAME = "$(TARGET_NAME)";
				PROVISIONING_PROFILE_SPECIFIER = "sample ad-hoc";
				SWIFT_VERSION = 5.0;
				TARGETED_DEVICE_FAMILY = 1;
			};
			name = Debug;
		};
		685D016D2529847900C03491 /* Release */ = {
			isa = XCBuildConfiguration;
			baseConfigurationReference = 07B84FBC9B8DC06ADD71469C /* Pods-ActionSample.release.xcconfig */;
			buildSettings = {
				ASSETCATALOG_COMPILER_APPICON_NAME = AppIcon;
				ASSETCATALOG_COMPILER_GLOBAL_ACCENT_COLOR_NAME = AccentColor;
				CODE_SIGN_IDENTITY = "iPhone Distribution";
				CODE_SIGN_STYLE = Manual;
				DEVELOPMENT_TEAM = YADN925M2H;
				INFOPLIST_FILE = ActionSample/Info.plist;
				LD_RUNPATH_SEARCH_PATHS = (
					"$(inherited)",
					"@executable_path/Frameworks",
				);
				PRODUCT_BUNDLE_IDENTIFIER = br.com.cwi.ActionSample;
				PRODUCT_NAME = "$(TARGET_NAME)";
				PROVISIONING_PROFILE_SPECIFIER = "sample ad-hoc";
				SWIFT_VERSION = 5.0;
				TARGETED_DEVICE_FAMILY = 1;
			};
			name = Release;
		};
		685D016F2529847900C03491 /* Debug */ = {
			isa = XCBuildConfiguration;
			baseConfigurationReference = 48B6B186874BAF307500A882 /* Pods-ActionSampleTests.debug.xcconfig */;
			buildSettings = {
				ALWAYS_EMBED_SWIFT_STANDARD_LIBRARIES = "$(inherited)";
				BUNDLE_LOADER = "$(TEST_HOST)";
				CODE_SIGN_STYLE = Automatic;
				INFOPLIST_FILE = ActionSampleTests/Info.plist;
				IPHONEOS_DEPLOYMENT_TARGET = 14.0;
				LD_RUNPATH_SEARCH_PATHS = (
					"$(inherited)",
					"@executable_path/Frameworks",
					"@loader_path/Frameworks",
				);
				PRODUCT_BUNDLE_IDENTIFIER = br.com.cwi.ActionSampleTests;
				PRODUCT_NAME = "$(TARGET_NAME)";
				SWIFT_VERSION = 5.0;
				TARGETED_DEVICE_FAMILY = "1,2";
				TEST_HOST = "$(BUILT_PRODUCTS_DIR)/ActionSample.app/ActionSample";
			};
			name = Debug;
		};
		685D01702529847900C03491 /* Release */ = {
			isa = XCBuildConfiguration;
			baseConfigurationReference = 8BAABD7C4FC0126210F2FC96 /* Pods-ActionSampleTests.release.xcconfig */;
			buildSettings = {
				ALWAYS_EMBED_SWIFT_STANDARD_LIBRARIES = "$(inherited)";
				BUNDLE_LOADER = "$(TEST_HOST)";
				CODE_SIGN_STYLE = Automatic;
				INFOPLIST_FILE = ActionSampleTests/Info.plist;
				IPHONEOS_DEPLOYMENT_TARGET = 14.0;
				LD_RUNPATH_SEARCH_PATHS = (
					"$(inherited)",
					"@executable_path/Frameworks",
					"@loader_path/Frameworks",
				);
				PRODUCT_BUNDLE_IDENTIFIER = br.com.cwi.ActionSampleTests;
				PRODUCT_NAME = "$(TARGET_NAME)";
				SWIFT_VERSION = 5.0;
				TARGETED_DEVICE_FAMILY = "1,2";
				TEST_HOST = "$(BUILT_PRODUCTS_DIR)/ActionSample.app/ActionSample";
			};
			name = Release;
		};
		685D01722529847900C03491 /* Debug */ = {
			isa = XCBuildConfiguration;
			baseConfigurationReference = CBC78E95A6181F8021D0AA2A /* Pods-ActionSample-ActionSampleUITests.debug.xcconfig */;
			buildSettings = {
				ALWAYS_EMBED_SWIFT_STANDARD_LIBRARIES = "$(inherited)";
				CODE_SIGN_STYLE = Automatic;
				INFOPLIST_FILE = ActionSampleUITests/Info.plist;
				LD_RUNPATH_SEARCH_PATHS = (
					"$(inherited)",
					"@executable_path/Frameworks",
					"@loader_path/Frameworks",
				);
				PRODUCT_BUNDLE_IDENTIFIER = br.com.cwi.ActionSampleUITests;
				PRODUCT_NAME = "$(TARGET_NAME)";
				SWIFT_VERSION = 5.0;
				TARGETED_DEVICE_FAMILY = "1,2";
				TEST_TARGET_NAME = ActionSample;
			};
			name = Debug;
		};
		685D01732529847900C03491 /* Release */ = {
			isa = XCBuildConfiguration;
			baseConfigurationReference = 1B87B6A76BF211710A8354E1 /* Pods-ActionSample-ActionSampleUITests.release.xcconfig */;
			buildSettings = {
				ALWAYS_EMBED_SWIFT_STANDARD_LIBRARIES = "$(inherited)";
				CODE_SIGN_STYLE = Automatic;
				INFOPLIST_FILE = ActionSampleUITests/Info.plist;
				LD_RUNPATH_SEARCH_PATHS = (
					"$(inherited)",
					"@executable_path/Frameworks",
					"@loader_path/Frameworks",
				);
				PRODUCT_BUNDLE_IDENTIFIER = br.com.cwi.ActionSampleUITests;
				PRODUCT_NAME = "$(TARGET_NAME)";
				SWIFT_VERSION = 5.0;
				TARGETED_DEVICE_FAMILY = "1,2";
				TEST_TARGET_NAME = ActionSample;
			};
			name = Release;
		};
/* End XCBuildConfiguration section */

/* Begin XCConfigurationList section */
		685D013C2529847800C03491 /* Build configuration list for PBXProject "ActionSample" */ = {
			isa = XCConfigurationList;
			buildConfigurations = (
				685D01692529847900C03491 /* Debug */,
				685D016A2529847900C03491 /* Release */,
			);
			defaultConfigurationIsVisible = 0;
			defaultConfigurationName = Release;
		};
		685D016B2529847900C03491 /* Build configuration list for PBXNativeTarget "ActionSample" */ = {
			isa = XCConfigurationList;
			buildConfigurations = (
				685D016C2529847900C03491 /* Debug */,
				685D016D2529847900C03491 /* Release */,
			);
			defaultConfigurationIsVisible = 0;
			defaultConfigurationName = Release;
		};
		685D016E2529847900C03491 /* Build configuration list for PBXNativeTarget "ActionSampleTests" */ = {
			isa = XCConfigurationList;
			buildConfigurations = (
				685D016F2529847900C03491 /* Debug */,
				685D01702529847900C03491 /* Release */,
			);
			defaultConfigurationIsVisible = 0;
			defaultConfigurationName = Release;
		};
		685D01712529847900C03491 /* Build configuration list for PBXNativeTarget "ActionSampleUITests" */ = {
			isa = XCConfigurationList;
			buildConfigurations = (
				685D01722529847900C03491 /* Debug */,
				685D01732529847900C03491 /* Release */,
			);
			defaultConfigurationIsVisible = 0;
			defaultConfigurationName = Release;
		};
/* End XCConfigurationList section */
	};
	rootObject = 685D01392529847800C03491 /* Project object */;
}
